
Microsoft Visual Studio Solution File, Format Version 12.00
# Visual Studio Version 16
VisualStudioVersion = 16.0.31112.23
MinimumVisualStudioVersion = 10.0.40219.1
Project("{FAE04EC0-301F-11D3-BF4B-00C04F79EFBC}") = "gitapp", "gitapp.csproj", "{EA300969-6782-4784-8CA5-5D3020B5C89A}"
EndProject
Global
	GlobalSection(SolutionConfigurationPlatforms) = preSolution
		Debug|Any CPU = Debug|Any CPU
		Release|Any CPU = Release|Any CPU
	EndGlobalSection
	GlobalSection(ProjectConfigurationPlatforms) = postSolution
		{EA300969-6782-4784-8CA5-5D3020B5C89A}.Debug|Any CPU.ActiveCfg = Debug|Any CPU
		{EA300969-6782-4784-8CA5-5D3020B5C89A}.Debug|Any CPU.Build.0 = Debug|Any CPU
		{EA300969-6782-4784-8CA5-5D3020B5C89A}.Release|Any CPU.ActiveCfg = Release|Any CPU
		{EA300969-6782-4784-8CA5-5D3020B5C89A}.Release|Any CPU.Build.0 = Release|Any CPU
	EndGlobalSection
	GlobalSection(SolutionProperties) = preSolution
		HideSolutionNode = FALSE
	EndGlobalSection
	GlobalSection(ExtensibilityGlobals) = postSolution
		SolutionGuid = {5D19F560-10B5-4B31-8AA3-FB0FFC027654}
	EndGlobalSection
EndGlobal
